schema_version: 1
release: "1.0"
runtime:
    source_repository: https://github.com/RaoFoundation/subtensor
    source_tag: ""
    source_ref_kind: commit
    source_ref_name: 67dcf7f791dc495064c293f080a0702cb433e51e
    source_commit: 67dcf7f791dc495064c293f080a0702cb433e51e
    code_hash: 0xbca85925668cabb2880164610d64eda2e4d9bf2777994f9cdfdb9d36253ce74a
    metadata_hash: 0x16da562c347a354c55eb1ad5cd5094343afe7acdc12e5b526bf6c8cb12e866bc
    compressed_wasm_sha256: 0x232bfc0d65ec2dbe4280b152e23f13879df9692d2286dd08c6ba14483deee00f
    upstream_release_call_hash: ""
    upstream_release_timepoint: ""
    spec_version: 455
    transaction_version: 1
    state_version: 1
    image: ghcr.io/raofoundation/subtensor@sha256:3e37b8d9a4f3c60ba66652cae79fe54d81d868558fb0159842ff952eee5115de
evm_build:
    abi_hash: sha256:e1e9ac5815c5aa9e3773b683168f243b89b84f85059d8d58d0bc4b5c251f42ac
    abigen: 1.17.0
    compiler_settings_hash: sha256:49cab513b2adb541cd3304065d7e543684978ba19d56c0efa50f405f04023560
    coordinator_implementation_artifact_hash: 0xd3547415dece38779aa87bc1cdf664b8c474cef7be5676de14ff6fe7e8e55cfe
    coordinator_implementation_runtime_hash: 0xcada0d5e13246de160d3a5fe12d472923bef01c13515bf73866099858651ae23
    coordinator_proxy_artifact_hash: 0x309b81907d133510f93f8907bde65840dcb54a5d94972ca9ad7729df4903863d
    coordinator_proxy_runtime_hash: 0x8b9a6be720b7bedae5f47f9505113a1340490930d4b7ea79966382ac12a4a9e2
    coordinator_storage_layout_hash: sha256:35292b7d34fe63ac674a23cad3be32639abe86752b7213e281d446b5dadfe1dc
    evm_version: cancun
    fleet_batcher_artifact_hash: 0xd197d002f5e8cb4c088771d950baa8cd4b5e0d03540bd80ed37ea53b37adaef7
    fleet_batcher_runtime_hash: 0xd2b1049f55759ecd4cd8e69599aecb34c2b8f8540fcd63b5fb0a3fc2a989d663
    fleet_batcher_storage_layout_hash: sha256:913ff69d6bb92c2fcb8def2a2070fae7ea4bb6d000f71396953ecda144261fb9
    forge_std_commit: bf647bd6046f2f7da30d0c2bf435e5c76a780c1b
    foundry: 1.7.1
    foundry_commit: 4072e48705af9d93e3c0f6e29e93b5e9a40caed8
    governance_drill_implementation_artifact_hash: 0xc40668c4863ef107b99ff5cf902a88d4903de12c9193506c4c112079cb8ee297
    governance_drill_implementation_runtime_hash: 0xdea0866179945c4d92ab1d5af38721e5dc7b2090fcda6bbbe1f71ca4df5d501f
    governance_drill_storage_layout_hash: sha256:913ff69d6bb92c2fcb8def2a2070fae7ea4bb6d000f71396953ecda144261fb9
    openzeppelin_contracts_commit: 5fd1781b1454fd1ef8e722282f86f9293cacf256
    openzeppelin_contracts_upgradeable_commit: 7bf4727aacdbfaa0f36cbd664654d0c9e1dc52bf
    optimizer: true
    optimizer_runs: 200
    precompile_probe_artifact_hash: 0x6495417be1884d96210628b5839db9724916d40dd1076a493bd8b068b84e42f5
    precompile_probe_runtime_hash: 0xe4f6649560500d2916066f74ca66aa7da76cc29dd3a9cb1cec515463addd723a
    reserve_sink_artifact_hash: 0x64556aa42d0d4ba778ce19aa1e79a761afa6fd7ebe713a0d37ced5f238dc381f
    reserve_sink_runtime_hash: 0x6ab5910b1106e788d9a52836a1513f611929e3f5d4bebbf00283ad2fa01db243
    settlement_vault_artifact_hash: 0x4a539608be2239feea39ffd15d31048d928645cc248f13d6e8abfef229a2ec7a
    settlement_vault_runtime_hash: 0x121eaad356183f9f131a1671447999d46943f6400bed44e740ba6edb559cb9a1
    solidity: 0.8.24
    source_hash: sha256:91a374b07cd61803ba920bf6dc82d6747faab2d3d9bcca9c7f40670624a30915
    validator_evidence_artifact_hash: 0xa18512f49457ddc61e6ab7bb1d099047a0e7a60b80b31f74afb48e16a3ce9a37
    validator_evidence_runtime_hash: 0x9a0a8bd024d86b7586986061dec5c644f5c26a9e685385c5044dbf79df799b74
    validator_evidence_storage_layout_hash: sha256:c7b1d4c69d489d880dad1eb8f79de12f6af04f9abfb0bdf7f7f4b60ad045204e
repositories:
    connect_go_source_hash: sha256:0149a772551fa4553d3825e202699be85c44b6da9bab2382541510ba5840180f
    glog_go_source_hash: sha256:b2e6d2d7ee9553e29f800e8a8036cb6e3272841cc9cb79e7408a23ec211acbc1
    goidenticons_go_source_hash: sha256:e335a5bf9b3194faeeab2f1a2e1f11c8c765e3bb6950faa28bf56ad7231ca2f8
    operator_proxy_commit: 0285a79d87b996bce50f2d18a824c750ad76233f
    operator_proxy_go_source_hash: sha256:4f4e01776bfc4c41057369644224e18110fc36b0a98527261be6fd22e61f3a09
    platform_config_shared_tree_hash: sha256:3a4ec6daf322b601e58bc282505a05cdd8734307d046e9198bd5b211269e269e
    platform_config_source_hash: sha256:c69caf2830a1ab8cf9b5f884b2351913bbba19620947176d78fd7eb6b676974a
    protocol_source_hash: sha256:60a9e6484f04872b38706a8987360eefbe275ddee350827a7664bff104362ec1
    proxy_go_source_hash: sha256:5fcc678f092c40138c3875c8196fd9d8a313b239a9ebc3b46551e9bc793fa0e0
    sdk_go_source_hash: sha256:bad9fcb4e4436c1f2e0d770ac2608823a52d16d7363d1e87f9bba810ff601712
    sdk_mobile_build_tree_hash: sha256:c2b3f6ad1f556f14a91702bf81b3312e0e7f05183d21239fa1d0f8df772cf069
    server_audited_base_commit: 7b5cc6e14115a61ce17e0d6f7a26404cac5f39b4
    server_go_source_hash: sha256:1e2c601680e50f5a75dd7a1204cfffc237504e531dd6ce490ca47eeab3f56e77
    sn_audited_base_commit: 900b973e1a31dff617d420a374eb29e307dd462e
    sn_go_source_hash: sha256:111d9bb19f6c86ac633a9699cf227c619f789d45081aca2cfd17c7a229330ef8
    userwireguard_go_source_hash: sha256:f30a610db4807d43c78f97049da3ab14902b6bc5410664c6cf184bb7149d98c9
    vault_audited_base_commit: 992f69a4ba744dabf43c71401a3f355f05f46428
dependencies:
    postgres: postgres:18@sha256:06cad38a5d9f5d24b4d83d86def30795d5e4b757fedbf5281172b576dedcd941
    redis: redis:8-alpine@sha256:becdda6c7f4b3fb42e42fd7f120bbf5c54c4caaaf16f26da24e4563d2c1f0576
interfaces:
    precompile_interfaces_source_hash: sha256:7873f48b2ac560880193dfe8e4715f124473bed43a97db8b855da7921effaed3
infrastructure:
    gateway_config_hash: sha256:bce81c9b00ece8c78a4317578cc475e4bcd035e877a3d3a6a1bd60de010779af
    node_config_hash: sha256:7fadc5f1f250b07e10c5d767b7159a377898678a8d3481d87cbc8c215ba02942
    server_local_config_hash: sha256:4903c4be46f27a1b053acef0693aafe37c587dd29867b7b41e06112104f2f222
