schema_version: 1
release: "1.0"
runtime:
  source_repository: https://github.com/RaoFoundation/subtensor
  source_tag: v447
  source_commit: 1f090af85d1771c5d8ece1f0910576fbd129906e
  spec_version: 447
  transaction_version: 1
  image: "ghcr.io/raofoundation/subtensor@sha256:3e37b8d9a4f3c60ba66652cae79fe54d81d868558fb0159842ff952eee5115de"
evm_build:
  solidity: 0.8.24
  evm_version: cancun
  foundry: 1.7.1
  optimizer: true
  optimizer_runs: 200
  source_hash: "sha256:a156615bf7b3a05fc1738ae535e769c0b3ab3cc831091aab5becc7b5985fe16d"
  compiler_settings_hash: "sha256:ed7bbf1127d61140a46ed10fc5f5871a81b83f8273c24f1c8c87005c1ea0b8c8"
  reserve_sink_artifact_hash: "0x64556aa42d0d4ba778ce19aa1e79a761afa6fd7ebe713a0d37ced5f238dc381f"
  reserve_sink_runtime_hash: "0x6ab5910b1106e788d9a52836a1513f611929e3f5d4bebbf00283ad2fa01db243"
  settlement_vault_artifact_hash: "0x308867bc3d3ca57f1a3ef1d13a4bf3b6cba4cc4ce879e08d71469454d9d06d24"
  settlement_vault_runtime_hash: "0x3287e0c8aeb1015e51f77502d4c703091976d87c9c0c031aa075bef6d813a3e0"
  coordinator_implementation_artifact_hash: "0x7136b971932bc693426a41a637587249c6bd06137467f484f431e417c6ba7ec4"
  coordinator_implementation_runtime_hash: "0xbad91ef5c58eedce3bef030234487d914039e1341eeb3156682d3f4013091a27"
  coordinator_storage_layout_hash: "sha256:761d09f4de7eb1d47b0a2b0a4d87f5fc88264b421129bdb6e5c99397c8de7f9f"
  coordinator_proxy_artifact_hash: "0x309b81907d133510f93f8907bde65840dcb54a5d94972ca9ad7729df4903863d"
  coordinator_proxy_runtime_hash: "0x8b9a6be720b7bedae5f47f9505113a1340490930d4b7ea79966382ac12a4a9e2"
  governance_drill_implementation_artifact_hash: "0xe8245f407f75788402e87c2833f09218ef016fe8cf14dd72fd9b0df7f3c8d35d"
  governance_drill_implementation_runtime_hash: "0x4be2ee7b8d893cf8a9c23132c27a95d7b93b593279ab91a4ba5159f34eb690c6"
  governance_drill_storage_layout_hash: "sha256:761d09f4de7eb1d47b0a2b0a4d87f5fc88264b421129bdb6e5c99397c8de7f9f"
  precompile_probe_artifact_hash: "0x246634425f884a828c917aee7aa10f8a044802954b29c8ce668ddcb17f12310c"
  precompile_probe_runtime_hash: "0xb91182b0caf52ac006eef26c6960931e3791d3810486a7e8c5ebf46f1ce9f06a"
  abi_hash: "sha256:6368a5c1937fecb8cd248d99feaddc25afeeb285215a68ef508101cee31870b2"
repositories:
  sn_audited_base_commit: "11c13216651952367692af008c7edece2a95a60e"
  server_audited_base_commit: "b67877066060f260547cba372c6a1d5934a0dcde"
  vault_audited_base_commit: "8951973e65a3251b7888f133955045f0cefb81c5"
  sn_go_source_hash: "sha256:b287fe08bf39e50ff01c499c7ceaf514532db79fb5b49302a2e8ef0df94de5cb"
  server_go_source_hash: "sha256:2ee319e637cb9d5ac8e64c0b71fcc1ea585bccaa89e549551e276b19930f69c0"
  connect_go_source_hash: "sha256:912ea5d4436e18e178d7c6d4405801ce9acc24847322cfa63e69d913bedce787"
  sdk_go_source_hash: "sha256:da9599b8444343ec4a35ff4da9a66379b39832a0784583cd7c0b4b43a181d5ff"
  glog_go_source_hash: "sha256:87da64dcd42d9dd670cd8bfe4fc3a55b03db47a646af973969e9e951c017e792"
  goidenticons_go_source_hash: "sha256:e335a5bf9b3194faeeab2f1a2e1f11c8c765e3bb6950faa28bf56ad7231ca2f8"
  proxy_go_source_hash: "sha256:d2e4e6ed005fd4fc5d4a6c00e2591f27fd296572be04ee6145a61a40fdb296e0"
  userwireguard_go_source_hash: "sha256:0690d9274209c48ee95d71a3e12e775c0d8d8f1eb819e7968ab20fe4b530bcdd"
  platform_config_source_hash: "sha256:c69caf2830a1ab8cf9b5f884b2351913bbba19620947176d78fd7eb6b676974a"
  protocol_source_hash: "sha256:e66e4eee9a13ad81c840ae4170e2ac4fbb8f130305e6101f43ba762c1dfa97d4"
dependencies:
  postgres: "postgres:18@sha256:06cad38a5d9f5d24b4d83d86def30795d5e4b757fedbf5281172b576dedcd941"
  redis: "redis:8-alpine@sha256:becdda6c7f4b3fb42e42fd7f120bbf5c54c4caaaf16f26da24e4563d2c1f0576"
interfaces:
  precompile_interfaces_source_hash: "sha256:7873f48b2ac560880193dfe8e4715f124473bed43a97db8b855da7921effaed3"
infrastructure:
  gateway_config_hash: "sha256:046851cf557ab8e9c97f805639ee741ba0557b416a6fd9526323284e187e8681"
  node_config_hash: "sha256:9455cf76ea91257fcf1ef5440b7f36a5d1bafa447170a6a151e90be42acb170a"
  server_local_config_hash: "sha256:06e97da3bfb4bfc0fbe3a25b4fa76d8404bb4d3e75d93683ebd44c58d2e2dd6b"
